
Microsoft Visual Studio Solution File, Format Version 12.00
# Visual Studio Version 17
VisualStudioVersion = 17.1.32328.378
MinimumVisualStudioVersion = 10.0.40219.1
Project("{9A19103F-16F7-4668-BE54-9A1E7A4F7556}") = "Reverse Strings", "Reverse Strings\Reverse Strings.csproj", "{614026B9-D640-483C-9E76-97A02FC7193D}"
EndProject
Project("{9A19103F-16F7-4668-BE54-9A1E7A4F7556}") = "Stack Sum", "Stack Sum\Stack Sum.csproj", "{1B6505F5-930C-42DF-AAFC-8A89D423F9F7}"
EndProject
Project("{9A19103F-16F7-4668-BE54-9A1E7A4F7556}") = "3. Simple Calculator", "3. Simple Calculator\3. Simple Calculator.csproj", "{C209A2A2-A1F3-4C94-A78D-45E418DB0142}"
EndProject
Project("{9A19103F-16F7-4668-BE54-9A1E7A4F7556}") = "4. Matching Brackets", "4. Matching Brackets\4. Matching Brackets.csproj", "{753FC638-76D1-4C54-A70A-E0E86C476070}"
EndProject
Project("{9A19103F-16F7-4668-BE54-9A1E7A4F7556}") = "5. Print Even Numbers", "5. Print Even Numbers\5. Print Even Numbers.csproj", "{85D7C3DA-4242-4B5A-AD2D-E419F5556A52}"
EndProject
Project("{9A19103F-16F7-4668-BE54-9A1E7A4F7556}") = "6. Supermarket", "6. Supermarket\6. Supermarket.csproj", "{7B2F2A57-DD9C-4DA5-81A8-BCA8C4ACC121}"
EndProject
Project("{9A19103F-16F7-4668-BE54-9A1E7A4F7556}") = "7. Hot Potato", "7. Hot Potato\7. Hot Potato.csproj", "{EB6227D1-4B42-47E8-81E3-310069D91C9B}"
EndProject
Project("{9A19103F-16F7-4668-BE54-9A1E7A4F7556}") = "8. Traffic Jam", "8. Traffic Jam\8. Traffic Jam.csproj", "{CABAF271-1412-4B97-965B-00C1245DC40E}"
EndProject
Project("{9A19103F-16F7-4668-BE54-9A1E7A4F7556}") = "1. Basic Stack Operations", "1. Basic Stack Operations\1. Basic Stack Operations.csproj", "{7A7D630D-20D5-45A7-935D-1A457A860D90}"
EndProject
Project("{9A19103F-16F7-4668-BE54-9A1E7A4F7556}") = "02. Basic Queue Operations", "02. Basic Queue Operations\02. Basic Queue Operations.csproj", "{E025336F-31A0-485A-B54E-E3B22B03EE1C}"
EndProject
Project("{9A19103F-16F7-4668-BE54-9A1E7A4F7556}") = "03. Maximum and Minimum Element", "03. Maximum and Minimum Element\03. Maximum and Minimum Element.csproj", "{AA39EFC6-1ACB-4228-94FA-F537E0C58422}"
EndProject
Project("{9A19103F-16F7-4668-BE54-9A1E7A4F7556}") = "04. Fast Food", "04. Fast Food\04. Fast Food.csproj", "{32A9DA8B-3791-4F8D-9D11-36F3F60DA222}"
EndProject
Project("{9A19103F-16F7-4668-BE54-9A1E7A4F7556}") = "05. Fashion Boutique", "05. Fashion Boutique\05. Fashion Boutique.csproj", "{29D71E3C-3FE5-4580-831C-044A1CB4A3E1}"
EndProject
Project("{9A19103F-16F7-4668-BE54-9A1E7A4F7556}") = "06. Songs Queue", "06. Songs Queue\06. Songs Queue.csproj", "{9331D73B-92BA-4D6B-8049-DBFC31756F31}"
EndProject
Project("{9A19103F-16F7-4668-BE54-9A1E7A4F7556}") = "07. Truck Tour", "07. Truck Tour\07. Truck Tour.csproj", "{66371519-F7DD-468B-98AD-6CBC947E27CC}"
EndProject
Project("{9A19103F-16F7-4668-BE54-9A1E7A4F7556}") = "08. Balanced Parenthesis", "08. Balanced Parenthesis\08. Balanced Parenthesis.csproj", "{19EC656F-18D0-47C7-8B4F-E532FA3B3CE6}"
EndProject
Project("{9A19103F-16F7-4668-BE54-9A1E7A4F7556}") = "09. Simple Text Editor", "09. Simple Text Editor\09. Simple Text Editor.csproj", "{63D9CB14-ABE0-48A8-A3BD-3434A11E5C95}"
EndProject
Project("{9A19103F-16F7-4668-BE54-9A1E7A4F7556}") = "1. Diagonal Difference", "1. Diagonal Difference\1. Diagonal Difference.csproj", "{B62012D5-86CF-488E-9202-829F25FED3AA}"
EndProject
Project("{9A19103F-16F7-4668-BE54-9A1E7A4F7556}") = "2. Squares in Matrix", "2. Squares in Matrix\2. Squares in Matrix.csproj", "{6529F22B-D4F2-4CA7-9552-987A16045DF2}"
EndProject
Project("{9A19103F-16F7-4668-BE54-9A1E7A4F7556}") = "3. Maximal Sum", "3. Maximal Sum\3. Maximal Sum.csproj", "{7EC8B940-DD18-4BB0-B473-934163A4F5C6}"
EndProject
Project("{9A19103F-16F7-4668-BE54-9A1E7A4F7556}") = "4. Matrix Shuffling", "4. Matrix Shuffling\4. Matrix Shuffling.csproj", "{123DB498-FAFE-4B2E-AB81-F3B03DFEAFDA}"
EndProject
Project("{9A19103F-16F7-4668-BE54-9A1E7A4F7556}") = "5. Snake Moves", "5. Snake Moves\5. Snake Moves.csproj", "{6FC512EB-8445-4C57-B8E5-DE230C203655}"
EndProject
Project("{9A19103F-16F7-4668-BE54-9A1E7A4F7556}") = "6. Jagged Array Manipulator", "6. Jagged Array Manipulator\6. Jagged Array Manipulator.csproj", "{22F006EC-65A8-42DA-B951-11AEAC5D4BA5}"
EndProject
Project("{9A19103F-16F7-4668-BE54-9A1E7A4F7556}") = "7. Knight Game", "7. Knight Game\7. Knight Game.csproj", "{5EB4A9A7-02F7-4658-ADD8-0E58C5E70A2C}"
EndProject
Project("{9A19103F-16F7-4668-BE54-9A1E7A4F7556}") = "01. Unique Usernames", "01. Unique Usernames\01. Unique Usernames.csproj", "{20C644A1-7EA6-4EC6-98B7-1A458D97F944}"
EndProject
Project("{9A19103F-16F7-4668-BE54-9A1E7A4F7556}") = "02. Sets of Elements", "02. Sets of Elements\02. Sets of Elements.csproj", "{43BFFA14-9822-4BEA-985D-C94928E86562}"
EndProject
Project("{9A19103F-16F7-4668-BE54-9A1E7A4F7556}") = "03. Periodic Table", "03. Periodic Table\03. Periodic Table.csproj", "{94F6E0CC-9E47-48D8-BEE4-6BFBC9172582}"
EndProject
Project("{9A19103F-16F7-4668-BE54-9A1E7A4F7556}") = "04. Even Times", "04. Even Times\04. Even Times.csproj", "{B10016FB-7D43-4B50-9937-89364A3D7799}"
EndProject
Project("{9A19103F-16F7-4668-BE54-9A1E7A4F7556}") = "05. Count Symbols", "05. Count Symbols\05. Count Symbols.csproj", "{8D67D391-2D9A-4C17-925F-B856F6D0D1AB}"
EndProject
Project("{9A19103F-16F7-4668-BE54-9A1E7A4F7556}") = "06. Wardrobe", "06. Wardrobe\06. Wardrobe.csproj", "{54226420-DAA9-4CFE-AE45-D78A9DEC89A1}"
EndProject
Project("{9A19103F-16F7-4668-BE54-9A1E7A4F7556}") = "EvenLines", "EvenLines\EvenLines.csproj", "{D07AC5D6-611B-48F1-9EFF-C0D2E4522CA2}"
EndProject
Project("{9A19103F-16F7-4668-BE54-9A1E7A4F7556}") = "LineNumbers", "LineNumbers\LineNumbers.csproj", "{89B0A937-0F5F-43F7-BBD5-074A6F0A1958}"
EndProject
Project("{9A19103F-16F7-4668-BE54-9A1E7A4F7556}") = "CopyBinaryFile", "CopyBinaryFile\CopyBinaryFile.csproj", "{8B30CA3A-0924-4738-A25E-80511DE529E2}"
EndProject
Project("{9A19103F-16F7-4668-BE54-9A1E7A4F7556}") = "DirectoryTraversal", "DirectoryTraversal\DirectoryTraversal.csproj", "{D2423335-C53D-4D6B-A4B8-26F693CCA858}"
EndProject
Project("{9A19103F-16F7-4668-BE54-9A1E7A4F7556}") = "CopyDirectory", "CopyDirectory\CopyDirectory.csproj", "{1103A58D-62BE-4054-A8C5-EE7082FAAF17}"
EndProject
Project("{9A19103F-16F7-4668-BE54-9A1E7A4F7556}") = "ActionPrint", "ActionPrint\ActionPrint.csproj", "{DB48B992-E0CC-4CD0-B480-EBBD616EC519}"
EndProject
Project("{FAE04EC0-301F-11D3-BF4B-00C04F79EFBC}") = "KnightsOfHonor", "KnightsOfHonor\KnightsOfHonor.csproj", "{463246BB-3C0D-4F6D-A147-7E25ACBEC00E}"
EndProject
Project("{FAE04EC0-301F-11D3-BF4B-00C04F79EFBC}") = "CustomMinFunction", "CustomMinFunction\CustomMinFunction.csproj", "{54B545F1-0BBC-4450-9029-F42068B68851}"
EndProject
Project("{FAE04EC0-301F-11D3-BF4B-00C04F79EFBC}") = "Find EvensOrOdds", "Find EvensOrOdds\Find EvensOrOdds.csproj", "{CDA176CE-8DF1-4E01-AE0F-FA78B98C779A}"
EndProject
Project("{FAE04EC0-301F-11D3-BF4B-00C04F79EFBC}") = "AppliedArithmetics", "AppliedArithmetics\AppliedArithmetics.csproj", "{AFE5F54A-9A87-4716-9B27-359B3D025F47}"
EndProject
Project("{FAE04EC0-301F-11D3-BF4B-00C04F79EFBC}") = "ReverseAndExclude", "ReverseAndExclude\ReverseAndExclude.csproj", "{BE6BF223-D13D-4B52-A648-769D3DE540CA}"
EndProject
Project("{FAE04EC0-301F-11D3-BF4B-00C04F79EFBC}") = "PredicateForNames", "PredicateForNames\PredicateForNames.csproj", "{5DE4F561-501C-4AD3-A584-CB8E4EAB451A}"
EndProject
Project("{FAE04EC0-301F-11D3-BF4B-00C04F79EFBC}") = "ListOfPredicates", "ListOfPredicates\ListOfPredicates.csproj", "{37CED5A9-B8ED-43EB-9B98-48E7EFEFD59A}"
EndProject
Project("{FAE04EC0-301F-11D3-BF4B-00C04F79EFBC}") = "PredicateParty!", "PredicateParty!\PredicateParty!.csproj", "{F7925ED5-6052-4D59-A3CA-2BF1166E8478}"
EndProject
Project("{FAE04EC0-301F-11D3-BF4B-00C04F79EFBC}") = "ThePartyReservationFilterModule", "ThePartyReservationFilterModule\ThePartyReservationFilterModule.csproj", "{E8FA0ECA-A927-4491-9313-92F658CB2901}"
EndProject
Project("{FAE04EC0-301F-11D3-BF4B-00C04F79EFBC}") = "TriFunction", "TriFunction\TriFunction.csproj", "{5C1C5D48-8788-479A-9FCE-B07F5DA38A0F}"
EndProject
Project("{FAE04EC0-301F-11D3-BF4B-00C04F79EFBC}") = "DefiningClasses", "DefineAClassPerson\DefiningClasses.csproj", "{CCE2AB15-54F4-4BDC-A501-D83ED678BB19}"
EndProject
Project("{FAE04EC0-301F-11D3-BF4B-00C04F79EFBC}") = "DateModifier", "DateModifier\DateModifier.csproj", "{3B3C5343-6F85-484B-9C4D-EAD8BBD20156}"
EndProject
Project("{FAE04EC0-301F-11D3-BF4B-00C04F79EFBC}") = "SpeedRacing", "SpeedRacing\SpeedRacing.csproj", "{9CD795AE-A451-46CF-A9E6-FDF58739C9AE}"
EndProject
Project("{FAE04EC0-301F-11D3-BF4B-00C04F79EFBC}") = "RawData", "RawData\RawData.csproj", "{2A70340D-CDD2-4730-9C4D-B591A7156B5A}"
EndProject
Project("{FAE04EC0-301F-11D3-BF4B-00C04F79EFBC}") = "CarSalesman", "CarSalesman\CarSalesman.csproj", "{C4F0094B-0D33-4344-8CAD-91C9052247E3}"
EndProject
Project("{FAE04EC0-301F-11D3-BF4B-00C04F79EFBC}") = "PokemonTrainer", "PokemonTrainer\PokemonTrainer.csproj", "{647A7E37-A3D0-47AB-94AE-F234CE9D3A1F}"
EndProject
Global
	GlobalSection(SolutionConfigurationPlatforms) = preSolution
		Debug|Any CPU = Debug|Any CPU
		Release|Any CPU = Release|Any CPU
	EndGlobalSection
	GlobalSection(ProjectConfigurationPlatforms) = postSolution
		{614026B9-D640-483C-9E76-97A02FC7193D}.Debug|Any CPU.ActiveCfg = Debug|Any CPU
		{614026B9-D640-483C-9E76-97A02FC7193D}.Debug|Any CPU.Build.0 = Debug|Any CPU
		{614026B9-D640-483C-9E76-97A02FC7193D}.Release|Any CPU.ActiveCfg = Release|Any CPU
		{614026B9-D640-483C-9E76-97A02FC7193D}.Release|Any CPU.Build.0 = Release|Any CPU
		{1B6505F5-930C-42DF-AAFC-8A89D423F9F7}.Debug|Any CPU.ActiveCfg = Debug|Any CPU
		{1B6505F5-930C-42DF-AAFC-8A89D423F9F7}.Debug|Any CPU.Build.0 = Debug|Any CPU
		{1B6505F5-930C-42DF-AAFC-8A89D423F9F7}.Release|Any CPU.ActiveCfg = Release|Any CPU
		{1B6505F5-930C-42DF-AAFC-8A89D423F9F7}.Release|Any CPU.Build.0 = Release|Any CPU
		{C209A2A2-A1F3-4C94-A78D-45E418DB0142}.Debug|Any CPU.ActiveCfg = Debug|Any CPU
		{C209A2A2-A1F3-4C94-A78D-45E418DB0142}.Debug|Any CPU.Build.0 = Debug|Any CPU
		{C209A2A2-A1F3-4C94-A78D-45E418DB0142}.Release|Any CPU.ActiveCfg = Release|Any CPU
		{C209A2A2-A1F3-4C94-A78D-45E418DB0142}.Release|Any CPU.Build.0 = Release|Any CPU
		{753FC638-76D1-4C54-A70A-E0E86C476070}.Debug|Any CPU.ActiveCfg = Debug|Any CPU
		{753FC638-76D1-4C54-A70A-E0E86C476070}.Debug|Any CPU.Build.0 = Debug|Any CPU
		{753FC638-76D1-4C54-A70A-E0E86C476070}.Release|Any CPU.ActiveCfg = Release|Any CPU
		{753FC638-76D1-4C54-A70A-E0E86C476070}.Release|Any CPU.Build.0 = Release|Any CPU
		{85D7C3DA-4242-4B5A-AD2D-E419F5556A52}.Debug|Any CPU.ActiveCfg = Debug|Any CPU
		{85D7C3DA-4242-4B5A-AD2D-E419F5556A52}.Debug|Any CPU.Build.0 = Debug|Any CPU
		{85D7C3DA-4242-4B5A-AD2D-E419F5556A52}.Release|Any CPU.ActiveCfg = Release|Any CPU
		{85D7C3DA-4242-4B5A-AD2D-E419F5556A52}.Release|Any CPU.Build.0 = Release|Any CPU
		{7B2F2A57-DD9C-4DA5-81A8-BCA8C4ACC121}.Debug|Any CPU.ActiveCfg = Debug|Any CPU
		{7B2F2A57-DD9C-4DA5-81A8-BCA8C4ACC121}.Debug|Any CPU.Build.0 = Debug|Any CPU
		{7B2F2A57-DD9C-4DA5-81A8-BCA8C4ACC121}.Release|Any CPU.ActiveCfg = Release|Any CPU
		{7B2F2A57-DD9C-4DA5-81A8-BCA8C4ACC121}.Release|Any CPU.Build.0 = Release|Any CPU
		{EB6227D1-4B42-47E8-81E3-310069D91C9B}.Debug|Any CPU.ActiveCfg = Debug|Any CPU
		{EB6227D1-4B42-47E8-81E3-310069D91C9B}.Debug|Any CPU.Build.0 = Debug|Any CPU
		{EB6227D1-4B42-47E8-81E3-310069D91C9B}.Release|Any CPU.ActiveCfg = Release|Any CPU
		{EB6227D1-4B42-47E8-81E3-310069D91C9B}.Release|Any CPU.Build.0 = Release|Any CPU
		{CABAF271-1412-4B97-965B-00C1245DC40E}.Debug|Any CPU.ActiveCfg = Debug|Any CPU
		{CABAF271-1412-4B97-965B-00C1245DC40E}.Debug|Any CPU.Build.0 = Debug|Any CPU
		{CABAF271-1412-4B97-965B-00C1245DC40E}.Release|Any CPU.ActiveCfg = Release|Any CPU
		{CABAF271-1412-4B97-965B-00C1245DC40E}.Release|Any CPU.Build.0 = Release|Any CPU
		{7A7D630D-20D5-45A7-935D-1A457A860D90}.Debug|Any CPU.ActiveCfg = Debug|Any CPU
		{7A7D630D-20D5-45A7-935D-1A457A860D90}.Debug|Any CPU.Build.0 = Debug|Any CPU
		{7A7D630D-20D5-45A7-935D-1A457A860D90}.Release|Any CPU.ActiveCfg = Release|Any CPU
		{7A7D630D-20D5-45A7-935D-1A457A860D90}.Release|Any CPU.Build.0 = Release|Any CPU
		{E025336F-31A0-485A-B54E-E3B22B03EE1C}.Debug|Any CPU.ActiveCfg = Debug|Any CPU
		{E025336F-31A0-485A-B54E-E3B22B03EE1C}.Debug|Any CPU.Build.0 = Debug|Any CPU
		{E025336F-31A0-485A-B54E-E3B22B03EE1C}.Release|Any CPU.ActiveCfg = Release|Any CPU
		{E025336F-31A0-485A-B54E-E3B22B03EE1C}.Release|Any CPU.Build.0 = Release|Any CPU
		{AA39EFC6-1ACB-4228-94FA-F537E0C58422}.Debug|Any CPU.ActiveCfg = Debug|Any CPU
		{AA39EFC6-1ACB-4228-94FA-F537E0C58422}.Debug|Any CPU.Build.0 = Debug|Any CPU
		{AA39EFC6-1ACB-4228-94FA-F537E0C58422}.Release|Any CPU.ActiveCfg = Release|Any CPU
		{AA39EFC6-1ACB-4228-94FA-F537E0C58422}.Release|Any CPU.Build.0 = Release|Any CPU
		{32A9DA8B-3791-4F8D-9D11-36F3F60DA222}.Debug|Any CPU.ActiveCfg = Debug|Any CPU
		{32A9DA8B-3791-4F8D-9D11-36F3F60DA222}.Debug|Any CPU.Build.0 = Debug|Any CPU
		{32A9DA8B-3791-4F8D-9D11-36F3F60DA222}.Release|Any CPU.ActiveCfg = Release|Any CPU
		{32A9DA8B-3791-4F8D-9D11-36F3F60DA222}.Release|Any CPU.Build.0 = Release|Any CPU
		{29D71E3C-3FE5-4580-831C-044A1CB4A3E1}.Debug|Any CPU.ActiveCfg = Debug|Any CPU
		{29D71E3C-3FE5-4580-831C-044A1CB4A3E1}.Debug|Any CPU.Build.0 = Debug|Any CPU
		{29D71E3C-3FE5-4580-831C-044A1CB4A3E1}.Release|Any CPU.ActiveCfg = Release|Any CPU
		{29D71E3C-3FE5-4580-831C-044A1CB4A3E1}.Release|Any CPU.Build.0 = Release|Any CPU
		{9331D73B-92BA-4D6B-8049-DBFC31756F31}.Debug|Any CPU.ActiveCfg = Debug|Any CPU
		{9331D73B-92BA-4D6B-8049-DBFC31756F31}.Debug|Any CPU.Build.0 = Debug|Any CPU
		{9331D73B-92BA-4D6B-8049-DBFC31756F31}.Release|Any CPU.ActiveCfg = Release|Any CPU
		{9331D73B-92BA-4D6B-8049-DBFC31756F31}.Release|Any CPU.Build.0 = Release|Any CPU
		{66371519-F7DD-468B-98AD-6CBC947E27CC}.Debug|Any CPU.ActiveCfg = Debug|Any CPU
		{66371519-F7DD-468B-98AD-6CBC947E27CC}.Debug|Any CPU.Build.0 = Debug|Any CPU
		{66371519-F7DD-468B-98AD-6CBC947E27CC}.Release|Any CPU.ActiveCfg = Release|Any CPU
		{66371519-F7DD-468B-98AD-6CBC947E27CC}.Release|Any CPU.Build.0 = Release|Any CPU
		{19EC656F-18D0-47C7-8B4F-E532FA3B3CE6}.Debug|Any CPU.ActiveCfg = Debug|Any CPU
		{19EC656F-18D0-47C7-8B4F-E532FA3B3CE6}.Debug|Any CPU.Build.0 = Debug|Any CPU
		{19EC656F-18D0-47C7-8B4F-E532FA3B3CE6}.Release|Any CPU.ActiveCfg = Release|Any CPU
		{19EC656F-18D0-47C7-8B4F-E532FA3B3CE6}.Release|Any CPU.Build.0 = Release|Any CPU
		{63D9CB14-ABE0-48A8-A3BD-3434A11E5C95}.Debug|Any CPU.ActiveCfg = Debug|Any CPU
		{63D9CB14-ABE0-48A8-A3BD-3434A11E5C95}.Debug|Any CPU.Build.0 = Debug|Any CPU
		{63D9CB14-ABE0-48A8-A3BD-3434A11E5C95}.Release|Any CPU.ActiveCfg = Release|Any CPU
		{63D9CB14-ABE0-48A8-A3BD-3434A11E5C95}.Release|Any CPU.Build.0 = Release|Any CPU
		{B62012D5-86CF-488E-9202-829F25FED3AA}.Debug|Any CPU.ActiveCfg = Debug|Any CPU
		{B62012D5-86CF-488E-9202-829F25FED3AA}.Debug|Any CPU.Build.0 = Debug|Any CPU
		{B62012D5-86CF-488E-9202-829F25FED3AA}.Release|Any CPU.ActiveCfg = Release|Any CPU
		{B62012D5-86CF-488E-9202-829F25FED3AA}.Release|Any CPU.Build.0 = Release|Any CPU
		{6529F22B-D4F2-4CA7-9552-987A16045DF2}.Debug|Any CPU.ActiveCfg = Debug|Any CPU
		{6529F22B-D4F2-4CA7-9552-987A16045DF2}.Debug|Any CPU.Build.0 = Debug|Any CPU
		{6529F22B-D4F2-4CA7-9552-987A16045DF2}.Release|Any CPU.ActiveCfg = Release|Any CPU
		{6529F22B-D4F2-4CA7-9552-987A16045DF2}.Release|Any CPU.Build.0 = Release|Any CPU
		{7EC8B940-DD18-4BB0-B473-934163A4F5C6}.Debug|Any CPU.ActiveCfg = Debug|Any CPU
		{7EC8B940-DD18-4BB0-B473-934163A4F5C6}.Debug|Any CPU.Build.0 = Debug|Any CPU
		{7EC8B940-DD18-4BB0-B473-934163A4F5C6}.Release|Any CPU.ActiveCfg = Release|Any CPU
		{7EC8B940-DD18-4BB0-B473-934163A4F5C6}.Release|Any CPU.Build.0 = Release|Any CPU
		{123DB498-FAFE-4B2E-AB81-F3B03DFEAFDA}.Debug|Any CPU.ActiveCfg = Debug|Any CPU
		{123DB498-FAFE-4B2E-AB81-F3B03DFEAFDA}.Debug|Any CPU.Build.0 = Debug|Any CPU
		{123DB498-FAFE-4B2E-AB81-F3B03DFEAFDA}.Release|Any CPU.ActiveCfg = Release|Any CPU
		{123DB498-FAFE-4B2E-AB81-F3B03DFEAFDA}.Release|Any CPU.Build.0 = Release|Any CPU
		{6FC512EB-8445-4C57-B8E5-DE230C203655}.Debug|Any CPU.ActiveCfg = Debug|Any CPU
		{6FC512EB-8445-4C57-B8E5-DE230C203655}.Debug|Any CPU.Build.0 = Debug|Any CPU
		{6FC512EB-8445-4C57-B8E5-DE230C203655}.Release|Any CPU.ActiveCfg = Release|Any CPU
		{6FC512EB-8445-4C57-B8E5-DE230C203655}.Release|Any CPU.Build.0 = Release|Any CPU
		{22F006EC-65A8-42DA-B951-11AEAC5D4BA5}.Debug|Any CPU.ActiveCfg = Debug|Any CPU
		{22F006EC-65A8-42DA-B951-11AEAC5D4BA5}.Debug|Any CPU.Build.0 = Debug|Any CPU
		{22F006EC-65A8-42DA-B951-11AEAC5D4BA5}.Release|Any CPU.ActiveCfg = Release|Any CPU
		{22F006EC-65A8-42DA-B951-11AEAC5D4BA5}.Release|Any CPU.Build.0 = Release|Any CPU
		{5EB4A9A7-02F7-4658-ADD8-0E58C5E70A2C}.Debug|Any CPU.ActiveCfg = Debug|Any CPU
		{5EB4A9A7-02F7-4658-ADD8-0E58C5E70A2C}.Debug|Any CPU.Build.0 = Debug|Any CPU
		{5EB4A9A7-02F7-4658-ADD8-0E58C5E70A2C}.Release|Any CPU.ActiveCfg = Release|Any CPU
		{5EB4A9A7-02F7-4658-ADD8-0E58C5E70A2C}.Release|Any CPU.Build.0 = Release|Any CPU
		{20C644A1-7EA6-4EC6-98B7-1A458D97F944}.Debug|Any CPU.ActiveCfg = Debug|Any CPU
		{20C644A1-7EA6-4EC6-98B7-1A458D97F944}.Debug|Any CPU.Build.0 = Debug|Any CPU
		{20C644A1-7EA6-4EC6-98B7-1A458D97F944}.Release|Any CPU.ActiveCfg = Release|Any CPU
		{20C644A1-7EA6-4EC6-98B7-1A458D97F944}.Release|Any CPU.Build.0 = Release|Any CPU
		{43BFFA14-9822-4BEA-985D-C94928E86562}.Debug|Any CPU.ActiveCfg = Debug|Any CPU
		{43BFFA14-9822-4BEA-985D-C94928E86562}.Debug|Any CPU.Build.0 = Debug|Any CPU
		{43BFFA14-9822-4BEA-985D-C94928E86562}.Release|Any CPU.ActiveCfg = Release|Any CPU
		{43BFFA14-9822-4BEA-985D-C94928E86562}.Release|Any CPU.Build.0 = Release|Any CPU
		{94F6E0CC-9E47-48D8-BEE4-6BFBC9172582}.Debug|Any CPU.ActiveCfg = Debug|Any CPU
		{94F6E0CC-9E47-48D8-BEE4-6BFBC9172582}.Debug|Any CPU.Build.0 = Debug|Any CPU
		{94F6E0CC-9E47-48D8-BEE4-6BFBC9172582}.Release|Any CPU.ActiveCfg = Release|Any CPU
		{94F6E0CC-9E47-48D8-BEE4-6BFBC9172582}.Release|Any CPU.Build.0 = Release|Any CPU
		{B10016FB-7D43-4B50-9937-89364A3D7799}.Debug|Any CPU.ActiveCfg = Debug|Any CPU
		{B10016FB-7D43-4B50-9937-89364A3D7799}.Debug|Any CPU.Build.0 = Debug|Any CPU
		{B10016FB-7D43-4B50-9937-89364A3D7799}.Release|Any CPU.ActiveCfg = Release|Any CPU
		{B10016FB-7D43-4B50-9937-89364A3D7799}.Release|Any CPU.Build.0 = Release|Any CPU
		{8D67D391-2D9A-4C17-925F-B856F6D0D1AB}.Debug|Any CPU.ActiveCfg = Debug|Any CPU
		{8D67D391-2D9A-4C17-925F-B856F6D0D1AB}.Debug|Any CPU.Build.0 = Debug|Any CPU
		{8D67D391-2D9A-4C17-925F-B856F6D0D1AB}.Release|Any CPU.ActiveCfg = Release|Any CPU
		{8D67D391-2D9A-4C17-925F-B856F6D0D1AB}.Release|Any CPU.Build.0 = Release|Any CPU
		{54226420-DAA9-4CFE-AE45-D78A9DEC89A1}.Debug|Any CPU.ActiveCfg = Debug|Any CPU
		{54226420-DAA9-4CFE-AE45-D78A9DEC89A1}.Debug|Any CPU.Build.0 = Debug|Any CPU
		{54226420-DAA9-4CFE-AE45-D78A9DEC89A1}.Release|Any CPU.ActiveCfg = Release|Any CPU
		{54226420-DAA9-4CFE-AE45-D78A9DEC89A1}.Release|Any CPU.Build.0 = Release|Any CPU
		{D07AC5D6-611B-48F1-9EFF-C0D2E4522CA2}.Debug|Any CPU.ActiveCfg = Debug|Any CPU
		{D07AC5D6-611B-48F1-9EFF-C0D2E4522CA2}.Debug|Any CPU.Build.0 = Debug|Any CPU
		{D07AC5D6-611B-48F1-9EFF-C0D2E4522CA2}.Release|Any CPU.ActiveCfg = Release|Any CPU
		{D07AC5D6-611B-48F1-9EFF-C0D2E4522CA2}.Release|Any CPU.Build.0 = Release|Any CPU
		{89B0A937-0F5F-43F7-BBD5-074A6F0A1958}.Debug|Any CPU.ActiveCfg = Debug|Any CPU
		{89B0A937-0F5F-43F7-BBD5-074A6F0A1958}.Debug|Any CPU.Build.0 = Debug|Any CPU
		{89B0A937-0F5F-43F7-BBD5-074A6F0A1958}.Release|Any CPU.ActiveCfg = Release|Any CPU
		{89B0A937-0F5F-43F7-BBD5-074A6F0A1958}.Release|Any CPU.Build.0 = Release|Any CPU
		{8B30CA3A-0924-4738-A25E-80511DE529E2}.Debug|Any CPU.ActiveCfg = Debug|Any CPU
		{8B30CA3A-0924-4738-A25E-80511DE529E2}.Debug|Any CPU.Build.0 = Debug|Any CPU
		{8B30CA3A-0924-4738-A25E-80511DE529E2}.Release|Any CPU.ActiveCfg = Release|Any CPU
		{8B30CA3A-0924-4738-A25E-80511DE529E2}.Release|Any CPU.Build.0 = Release|Any CPU
		{D2423335-C53D-4D6B-A4B8-26F693CCA858}.Debug|Any CPU.ActiveCfg = Debug|Any CPU
		{D2423335-C53D-4D6B-A4B8-26F693CCA858}.Debug|Any CPU.Build.0 = Debug|Any CPU
		{D2423335-C53D-4D6B-A4B8-26F693CCA858}.Release|Any CPU.ActiveCfg = Release|Any CPU
		{D2423335-C53D-4D6B-A4B8-26F693CCA858}.Release|Any CPU.Build.0 = Release|Any CPU
		{1103A58D-62BE-4054-A8C5-EE7082FAAF17}.Debug|Any CPU.ActiveCfg = Debug|Any CPU
		{1103A58D-62BE-4054-A8C5-EE7082FAAF17}.Debug|Any CPU.Build.0 = Debug|Any CPU
		{1103A58D-62BE-4054-A8C5-EE7082FAAF17}.Release|Any CPU.ActiveCfg = Release|Any CPU
		{1103A58D-62BE-4054-A8C5-EE7082FAAF17}.Release|Any CPU.Build.0 = Release|Any CPU
		{DB48B992-E0CC-4CD0-B480-EBBD616EC519}.Debug|Any CPU.ActiveCfg = Debug|Any CPU
		{DB48B992-E0CC-4CD0-B480-EBBD616EC519}.Debug|Any CPU.Build.0 = Debug|Any CPU
		{DB48B992-E0CC-4CD0-B480-EBBD616EC519}.Release|Any CPU.ActiveCfg = Release|Any CPU
		{DB48B992-E0CC-4CD0-B480-EBBD616EC519}.Release|Any CPU.Build.0 = Release|Any CPU
		{463246BB-3C0D-4F6D-A147-7E25ACBEC00E}.Debug|Any CPU.ActiveCfg = Debug|Any CPU
		{463246BB-3C0D-4F6D-A147-7E25ACBEC00E}.Debug|Any CPU.Build.0 = Debug|Any CPU
		{463246BB-3C0D-4F6D-A147-7E25ACBEC00E}.Release|Any CPU.ActiveCfg = Release|Any CPU
		{463246BB-3C0D-4F6D-A147-7E25ACBEC00E}.Release|Any CPU.Build.0 = Release|Any CPU
		{54B545F1-0BBC-4450-9029-F42068B68851}.Debug|Any CPU.ActiveCfg = Debug|Any CPU
		{54B545F1-0BBC-4450-9029-F42068B68851}.Debug|Any CPU.Build.0 = Debug|Any CPU
		{54B545F1-0BBC-4450-9029-F42068B68851}.Release|Any CPU.ActiveCfg = Release|Any CPU
		{54B545F1-0BBC-4450-9029-F42068B68851}.Release|Any CPU.Build.0 = Release|Any CPU
		{CDA176CE-8DF1-4E01-AE0F-FA78B98C779A}.Debug|Any CPU.ActiveCfg = Debug|Any CPU
		{CDA176CE-8DF1-4E01-AE0F-FA78B98C779A}.Debug|Any CPU.Build.0 = Debug|Any CPU
		{CDA176CE-8DF1-4E01-AE0F-FA78B98C779A}.Release|Any CPU.ActiveCfg = Release|Any CPU
		{CDA176CE-8DF1-4E01-AE0F-FA78B98C779A}.Release|Any CPU.Build.0 = Release|Any CPU
		{AFE5F54A-9A87-4716-9B27-359B3D025F47}.Debug|Any CPU.ActiveCfg = Debug|Any CPU
		{AFE5F54A-9A87-4716-9B27-359B3D025F47}.Debug|Any CPU.Build.0 = Debug|Any CPU
		{AFE5F54A-9A87-4716-9B27-359B3D025F47}.Release|Any CPU.ActiveCfg = Release|Any CPU
		{AFE5F54A-9A87-4716-9B27-359B3D025F47}.Release|Any CPU.Build.0 = Release|Any CPU
		{BE6BF223-D13D-4B52-A648-769D3DE540CA}.Debug|Any CPU.ActiveCfg = Debug|Any CPU
		{BE6BF223-D13D-4B52-A648-769D3DE540CA}.Debug|Any CPU.Build.0 = Debug|Any CPU
		{BE6BF223-D13D-4B52-A648-769D3DE540CA}.Release|Any CPU.ActiveCfg = Release|Any CPU
		{BE6BF223-D13D-4B52-A648-769D3DE540CA}.Release|Any CPU.Build.0 = Release|Any CPU
		{5DE4F561-501C-4AD3-A584-CB8E4EAB451A}.Debug|Any CPU.ActiveCfg = Debug|Any CPU
		{5DE4F561-501C-4AD3-A584-CB8E4EAB451A}.Debug|Any CPU.Build.0 = Debug|Any CPU
		{5DE4F561-501C-4AD3-A584-CB8E4EAB451A}.Release|Any CPU.ActiveCfg = Release|Any CPU
		{5DE4F561-501C-4AD3-A584-CB8E4EAB451A}.Release|Any CPU.Build.0 = Release|Any CPU
		{37CED5A9-B8ED-43EB-9B98-48E7EFEFD59A}.Debug|Any CPU.ActiveCfg = Debug|Any CPU
		{37CED5A9-B8ED-43EB-9B98-48E7EFEFD59A}.Debug|Any CPU.Build.0 = Debug|Any CPU
		{37CED5A9-B8ED-43EB-9B98-48E7EFEFD59A}.Release|Any CPU.ActiveCfg = Release|Any CPU
		{37CED5A9-B8ED-43EB-9B98-48E7EFEFD59A}.Release|Any CPU.Build.0 = Release|Any CPU
		{F7925ED5-6052-4D59-A3CA-2BF1166E8478}.Debug|Any CPU.ActiveCfg = Debug|Any CPU
		{F7925ED5-6052-4D59-A3CA-2BF1166E8478}.Debug|Any CPU.Build.0 = Debug|Any CPU
		{F7925ED5-6052-4D59-A3CA-2BF1166E8478}.Release|Any CPU.ActiveCfg = Release|Any CPU
		{F7925ED5-6052-4D59-A3CA-2BF1166E8478}.Release|Any CPU.Build.0 = Release|Any CPU
		{E8FA0ECA-A927-4491-9313-92F658CB2901}.Debug|Any CPU.ActiveCfg = Debug|Any CPU
		{E8FA0ECA-A927-4491-9313-92F658CB2901}.Debug|Any CPU.Build.0 = Debug|Any CPU
		{E8FA0ECA-A927-4491-9313-92F658CB2901}.Release|Any CPU.ActiveCfg = Release|Any CPU
		{E8FA0ECA-A927-4491-9313-92F658CB2901}.Release|Any CPU.Build.0 = Release|Any CPU
		{5C1C5D48-8788-479A-9FCE-B07F5DA38A0F}.Debug|Any CPU.ActiveCfg = Debug|Any CPU
		{5C1C5D48-8788-479A-9FCE-B07F5DA38A0F}.Debug|Any CPU.Build.0 = Debug|Any CPU
		{5C1C5D48-8788-479A-9FCE-B07F5DA38A0F}.Release|Any CPU.ActiveCfg = Release|Any CPU
		{5C1C5D48-8788-479A-9FCE-B07F5DA38A0F}.Release|Any CPU.Build.0 = Release|Any CPU
		{CCE2AB15-54F4-4BDC-A501-D83ED678BB19}.Debug|Any CPU.ActiveCfg = Debug|Any CPU
		{CCE2AB15-54F4-4BDC-A501-D83ED678BB19}.Debug|Any CPU.Build.0 = Debug|Any CPU
		{CCE2AB15-54F4-4BDC-A501-D83ED678BB19}.Release|Any CPU.ActiveCfg = Release|Any CPU
		{CCE2AB15-54F4-4BDC-A501-D83ED678BB19}.Release|Any CPU.Build.0 = Release|Any CPU
		{3B3C5343-6F85-484B-9C4D-EAD8BBD20156}.Debug|Any CPU.ActiveCfg = Debug|Any CPU
		{3B3C5343-6F85-484B-9C4D-EAD8BBD20156}.Debug|Any CPU.Build.0 = Debug|Any CPU
		{3B3C5343-6F85-484B-9C4D-EAD8BBD20156}.Release|Any CPU.ActiveCfg = Release|Any CPU
		{3B3C5343-6F85-484B-9C4D-EAD8BBD20156}.Release|Any CPU.Build.0 = Release|Any CPU
		{9CD795AE-A451-46CF-A9E6-FDF58739C9AE}.Debug|Any CPU.ActiveCfg = Debug|Any CPU
		{9CD795AE-A451-46CF-A9E6-FDF58739C9AE}.Debug|Any CPU.Build.0 = Debug|Any CPU
		{9CD795AE-A451-46CF-A9E6-FDF58739C9AE}.Release|Any CPU.ActiveCfg = Release|Any CPU
		{9CD795AE-A451-46CF-A9E6-FDF58739C9AE}.Release|Any CPU.Build.0 = Release|Any CPU
		{2A70340D-CDD2-4730-9C4D-B591A7156B5A}.Debug|Any CPU.ActiveCfg = Debug|Any CPU
		{2A70340D-CDD2-4730-9C4D-B591A7156B5A}.Debug|Any CPU.Build.0 = Debug|Any CPU
		{2A70340D-CDD2-4730-9C4D-B591A7156B5A}.Release|Any CPU.ActiveCfg = Release|Any CPU
		{2A70340D-CDD2-4730-9C4D-B591A7156B5A}.Release|Any CPU.Build.0 = Release|Any CPU
		{C4F0094B-0D33-4344-8CAD-91C9052247E3}.Debug|Any CPU.ActiveCfg = Debug|Any CPU
		{C4F0094B-0D33-4344-8CAD-91C9052247E3}.Debug|Any CPU.Build.0 = Debug|Any CPU
		{C4F0094B-0D33-4344-8CAD-91C9052247E3}.Release|Any CPU.ActiveCfg = Release|Any CPU
		{C4F0094B-0D33-4344-8CAD-91C9052247E3}.Release|Any CPU.Build.0 = Release|Any CPU
		{647A7E37-A3D0-47AB-94AE-F234CE9D3A1F}.Debug|Any CPU.ActiveCfg = Debug|Any CPU
		{647A7E37-A3D0-47AB-94AE-F234CE9D3A1F}.Debug|Any CPU.Build.0 = Debug|Any CPU
		{647A7E37-A3D0-47AB-94AE-F234CE9D3A1F}.Release|Any CPU.ActiveCfg = Release|Any CPU
		{647A7E37-A3D0-47AB-94AE-F234CE9D3A1F}.Release|Any CPU.Build.0 = Release|Any CPU
	EndGlobalSection
	GlobalSection(SolutionProperties) = preSolution
		HideSolutionNode = FALSE
	EndGlobalSection
	GlobalSection(ExtensibilityGlobals) = postSolution
		SolutionGuid = {3B9E8029-CDDA-440A-AEAC-BCA555655A50}
	EndGlobalSection
EndGlobal
